
Microsoft Visual Studio Solution File, Format Version 12.00
# Visual Studio 2012
Project("{FAE04EC0-301F-11D3-BF4B-00C04F79EFBC}") = "SelfReferencingIndexKata", "SelfReferencingIndexKata\SelfReferencingIndexKata.csproj", "{51DEE276-4731-4363-9973-302032F98B62}"
EndProject
Global
	GlobalSection(SolutionConfigurationPlatforms) = preSolution
		Debug|Any CPU = Debug|Any CPU
		Release|Any CPU = Release|Any CPU
	EndGlobalSection
	GlobalSection(ProjectConfigurationPlatforms) = postSolution
		{51DEE276-4731-4363-9973-302032F98B62}.Debug|Any CPU.ActiveCfg = Debug|Any CPU
		{51DEE276-4731-4363-9973-302032F98B62}.Debug|Any CPU.Build.0 = Debug|Any CPU
		{51DEE276-4731-4363-9973-302032F98B62}.Release|Any CPU.ActiveCfg = Release|Any CPU
		{51DEE276-4731-4363-9973-302032F98B62}.Release|Any CPU.Build.0 = Release|Any CPU
	EndGlobalSection
	GlobalSection(SolutionProperties) = preSolution
		HideSolutionNode = FALSE
	EndGlobalSection
EndGlobal
